// !$*UTF8*$!
{
	archiveVersion = 1;
	classes = {
	};
	objectVersion = 50;
	objects = {

/* Begin PBXBuildFile section */
		6CC6A6EA20D2453E00D1C042 /* AppDelegate.swift in Sources */ = {isa = PBXBuildFile; fileRef = 6CC6A6E920D2453E00D1C042 /* AppDelegate.swift */; };
		6CC6A6EC20D2453E00D1C042 /* ViewController.swift in Sources */ = {isa = PBXBuildFile; fileRef = 6CC6A6EB20D2453E00D1C042 /* ViewController.swift */; };
		6CC6A6EF20D2453E00D1C042 /* Main.storyboard in Resources */ = {isa = PBXBuildFile; fileRef = 6CC6A6ED20D2453E00D1C042 /* Main.storyboard */; };
		6CC6A6F120D2454000D1C042 /* Assets.xcassets in Resources */ = {isa = PBXBuildFile; fileRef = 6CC6A6F020D2454000D1C042 /* Assets.xcassets */; };
		6CC6A6F420D2454000D1C042 /* LaunchScreen.storyboard in Resources */ = {isa = PBXBuildFile; fileRef = 6CC6A6F220D2454000D1C042 /* LaunchScreen.storyboard */; };
		6CC6A6FC20D2454A00D1C042 /* DDChainTask.swift in Sources */ = {isa = PBXBuildFile; fileRef = 6CC6A6FB20D2454A00D1C042 /* DDChainTask.swift */; };
/* End PBXBuildFile section */

/* Begin PBXFileReference section */
		6CC6A6E620D2453E00D1C042 /* YQChainTaskDEMO.app */ = {isa = PBXFileReference; explicitFileType = wrapper.application; includeInIndex = 0; path = YQChainTaskDEMO.app; sourceTree = BUILT_PRODUCTS_DIR; };
		6CC6A6E920D2453E00D1C042 /* AppDelegate.swift */ = {isa = PBXFileReference; lastKnownFileType = sourcecode.swift; path = AppDelegate.swift; sourceTree = "<group>"; };
		6CC6A6EB20D2453E00D1C042 /* ViewController.swift */ = {isa = PBXFileReference; lastKnownFileType = sourcecode.swift; path = ViewController.swift; sourceTree = "<group>"; };
		6CC6A6EE20D2453E00D1C042 /* Base */ = {isa = PBXFileReference; lastKnownFileType = file.storyboard; name = Base; path = Base.lproj/Main.storyboard; sourceTree = "<group>"; };
		6CC6A6F020D2454000D1C042 /* Assets.xcassets */ = {isa = PBXFileReference; lastKnownFileType = folder.assetcatalog; path = Assets.xcassets; sourceTree = "<group>"; };
		6CC6A6F320D2454000D1C042 /* Base */ = {isa = PBXFileReference; lastKnownFileType = file.storyboard; name = Base; path = Base.lproj/LaunchScreen.storyboard; sourceTree = "<group>"; };
		6CC6A6F520D2454000D1C042 /* Info.plist */ = {isa = PBXFileReference; lastKnownFileType = text.plist.xml; path = Info.plist; sourceTree = "<group>"; };
		6CC6A6FB20D2454A00D1C042 /* DDChainTask.swift */ = {isa = PBXFileReference; fileEncoding = 4; lastKnownFileType = sourcecode.swift; path = DDChainTask.swift; sourceTree = "<group>"; };
/* End PBXFileReference section */

/* Begin PBXFrameworksBuildPhase section */
		6CC6A6E320D2453E00D1C042 /* Frameworks */ = {
			isa = PBXFrameworksBuildPhase;
			buildActionMask = 2147483647;
			files = (
			);
			runOnlyForDeploymentPostprocessing = 0;
		};
/* End PBXFrameworksBuildPhase section */

/* Begin PBXGroup section */
		6CC6A6DD20D2453E00D1C042 = {
			isa = PBXGroup;
			children = (
				6CC6A6E820D2453E00D1C042 /* YQChainTaskDEMO */,
				6CC6A6E720D2453E00D1C042 /* Products */,
			);
			sourceTree = "<group>";
		};
		6CC6A6E720D2453E00D1C042 /* Products */ = {
			isa = PBXGroup;
			children = (
				6CC6A6E620D2453E00D1C042 /* YQChainTaskDEMO.app */,
			);
			name = Products;
			sourceTree = "<group>";
		};
		6CC6A6E820D2453E00D1C042 /* YQChainTaskDEMO */ = {
			isa = PBXGroup;
			children = (
				6CC6A6FB20D2454A00D1C042 /* DDChainTask.swift */,
				6CC6A6E920D2453E00D1C042 /* AppDelegate.swift */,
				6CC6A6EB20D2453E00D1C042 /* ViewController.swift */,
				6CC6A6ED20D2453E00D1C042 /* Main.storyboard */,
				6CC6A6F020D2454000D1C042 /* Assets.xcassets */,
				6CC6A6F220D2454000D1C042 /* LaunchScreen.storyboard */,
				6CC6A6F520D2454000D1C042 /* Info.plist */,
			);
			path = YQChainTaskDEMO;
			sourceTree = "<group>";
		};
/* End PBXGroup section */

/* Begin PBXNativeTarget section */
		6CC6A6E520D2453E00D1C042 /* YQChainTaskDEMO */ = {
			isa = PBXNativeTarget;
			buildConfigurationList = 6CC6A6F820D2454000D1C042 /* Build configuration list for PBXNativeTarget "YQChainTaskDEMO" */;
			buildPhases = (
				6CC6A6E220D2453E00D1C042 /* Sources */,
				6CC6A6E320D2453E00D1C042 /* Frameworks */,
				6CC6A6E420D2453E00D1C042 /* Resources */,
			);
			buildRules = (
			);
			dependencies = (
			);
			name = YQChainTaskDEMO;
			productName = YQChainTaskDEMO;
			productReference = 6CC6A6E620D2453E00D1C042 /* YQChainTaskDEMO.app */;
			productType = "com.apple.product-type.application";
		};
/* End PBXNativeTarget section */

/* Begin PBXProject section */
		6CC6A6DE20D2453E00D1C042 /* Project object */ = {
			isa = PBXProject;
			attributes = {
				LastSwiftUpdateCheck = 0940;
				LastUpgradeCheck = 0940;
				ORGANIZATIONNAME = FreakyYang;
				TargetAttributes = {
					6CC6A6E520D2453E00D1C042 = {
						CreatedOnToolsVersion = 9.4;
					};
				};
			};
			buildConfigurationList = 6CC6A6E120D2453E00D1C042 /* Build configuration list for PBXProject "YQChainTaskDEMO" */;
			compatibilityVersion = "Xcode 9.3";
			developmentRegion = en;
			hasScannedForEncodings = 0;
			knownRegions = (
				en,
				Base,
			);
			mainGroup = 6CC6A6DD20D2453E00D1C042;
			productRefGroup = 6CC6A6E720D2453E00D1C042 /* Products */;
			projectDirPath = "";
			projectRoot = "";
			targets = (
				6CC6A6E520D2453E00D1C042 /* YQChainTaskDEMO */,
			);
		};
/* End PBXProject section */

/* Begin PBXResourcesBuildPhase section */
		6CC6A6E420D2453E00D1C042 /* Resources */ = {
			isa = PBXResourcesBuildPhase;
			buildActionMask = 2147483647;
			files = (
				6CC6A6F420D2454000D1C042 /* LaunchScreen.storyboard in Resources */,
				6CC6A6F120D2454000D1C042 /* Assets.xcassets in Resources */,
				6CC6A6EF20D2453E00D1C042 /* Main.storyboard in Resources */,
			);
			runOnlyForDeploymentPostprocessing = 0;
		};
/* End PBXResourcesBuildPhase section */

/* Begin PBXSourcesBuildPhase section */
		6CC6A6E220D2453E00D1C042 /* Sources */ = {
			isa = PBXSourcesBuildPhase;
			buildActionMask = 2147483647;
			files = (
				6CC6A6FC20D2454A00D1C042 /* DDChainTask.swift in Sources */,
				6CC6A6EC20D2453E00D1C042 /* ViewController.swift in Sources */,
				6CC6A6EA20D2453E00D1C042 /* AppDelegate.swift in Sources */,
			);
			runOnlyForDeploymentPostprocessing = 0;
		};
/* End PBXSourcesBuildPhase section */

/* Begin PBXVariantGroup section */
		6CC6A6ED20D2453E00D1C042 /* Main.storyboard */ = {
			isa = PBXVariantGroup;
			children = (
				6CC6A6EE20D2453E00D1C042 /* Base */,
			);
			name = Main.storyboard;
			sourceTree = "<group>";
		};
		6CC6A6F220D2454000D1C042 /* LaunchScreen.storyboard */ = {
			isa = PBXVariantGroup;
			children = (
				6CC6A6F320D2454000D1C042 /* Base */,
			);
			name = LaunchScreen.storyboard;
			sourceTree = "<group>";
		};
/* End PBXVariantGroup section */

/* Begin XCBuildConfiguration section */
		6CC6A6F620D2454000D1C042 /* Debug */ = {
			isa = XCBuildConfiguration;
			buildSettings = {
				ALWAYS_SEARCH_USER_PATHS = NO;
				CLANG_ANALYZER_NONNULL = YES;
				CLANG_ANALYZER_NUMBER_OBJECT_CONVERSION = YES_AGGRESSIVE;
				CLANG_CXX_LANGUAGE_STANDARD = "gnu++14";
				CLANG_CXX_LIBRARY = "libc++";
				CLANG_ENABLE_MODULES = YES;
				CLANG_ENABLE_OBJC_ARC = YES;
				CLANG_ENABLE_OBJC_WEAK = YES;
				CLANG_WARN_BLOCK_CAPTURE_AUTORELEASING = YES;
				CLANG_WARN_BOOL_CONVERSION = YES;
				CLANG_WARN_COMMA = YES;
				CLANG_WARN_CONSTANT_CONVERSION = YES;
				CLANG_WARN_DEPRECATED_OBJC_IMPLEMENTATIONS = YES;
				CLANG_WARN_DIRECT_OBJC_ISA_USAGE = YES_ERROR;
				CLANG_WARN_DOCUMENTATION_COMMENTS = YES;
				CLANG_WARN_EMPTY_BODY = YES;
				CLANG_WARN_ENUM_CONVERSION = YES;
				CLANG_WARN_INFINITE_RECURSION = YES;
				CLANG_WARN_INT_CONVERSION = YES;
				CLANG_WARN_NON_LITERAL_NULL_CONVERSION = YES;
				CLANG_WARN_OBJC_IMPLICIT_RETAIN_SELF = YES;
				CLANG_WARN_OBJC_LITERAL_CONVERSION = YES;
				CLANG_WARN_OBJC_ROOT_CLASS = YES_ERROR;
				CLANG_WARN_RANGE_LOOP_ANALYSIS = YES;
				CLANG_WARN_STRICT_PROTOTYPES = YES;
				CLANG_WARN_SUSPICIOUS_MOVE = YES;
				CLANG_WARN_UNGUARDED_AVAILABILITY = YES_AGGRESSIVE;
				CLANG_WARN_UNREACHABLE_CODE = YES;
				CLANG_WARN__DUPLICATE_METHOD_MATCH = YES;
				CODE_SIGN_IDENTITY = "iPhone Developer";
				COPY_PHASE_STRIP = NO;
				DEBUG_INFORMATION_FORMAT = dwarf;
				ENABLE_STRICT_OBJC_MSGSEND = YES;
				ENABLE_TESTABILITY = YES;
				GCC_C_LANGUAGE_STANDARD = gnu11;
				GCC_DYNAMIC_NO_PIC = NO;
				GCC_NO_COMMON_BLOCKS = YES;
				GCC_OPTIMIZATION_LEVEL = 0;
				GCC_PREPROCESSOR_DEFINITIONS = (
					"DEBUG=1",
					"$(inherited)",
				);
				GCC_WARN_64_TO_32_BIT_CONVERSION = YES;
				GCC_WARN_ABOUT_RETURN_TYPE = YES_ERROR;
				GCC_WARN_UNDECLARED_SELECTOR = YES;
				GCC_WARN_UNINITIALIZED_AUTOS = YES_AGGRESSIVE;
				GCC_WARN_UNUSED_FUNCTION = YES;
				GCC_WARN_UNUSED_VARIABLE = YES;
				IPHONEOS_DEPLOYMENT_TARGET = 11.4;
				MTL_ENABLE_DEBUG_INFO = YES;
				ONLY_ACTIVE_ARCH = YES;
				SDKROOT = iphoneos;
				SWIFT_ACTIVE_COMPILATION_CONDITIONS = DEBUG;
				SWIFT_OPTIMIZATION_LEVEL = "-Onone";
			};
			name = Debug;
		};
		6CC6A6F720D2454000D1C042 /* Release */ = {
			isa = XCBuildConfiguration;
			buildSettings = {
				ALWAYS_SEARCH_USER_PATHS = NO;
				CLANG_ANALYZER_NONNULL = YES;
				CLANG_ANALYZER_NUMBER_OBJECT_CONVERSION = YES_AGGRESSIVE;
				CLANG_CXX_LANGUAGE_STANDARD = "gnu++14";
				CLANG_CXX_LIBRARY = "libc++";
				CLANG_ENABLE_MODULES = YES;
				CLANG_ENABLE_OBJC_ARC = YES;
				CLANG_ENABLE_OBJC_WEAK = YES;
				CLANG_WARN_BLOCK_CAPTURE_AUTORELEASING = YES;
				CLANG_WARN_BOOL_CONVERSION = YES;
				CLANG_WARN_COMMA = YES;
				CLANG_WARN_CONSTANT_CONVERSION = YES;
				CLANG_WARN_DEPRECATED_OBJC_IMPLEMENTATIONS = YES;
				CLANG_WARN_DIRECT_OBJC_ISA_USAGE = YES_ERROR;
				CLANG_WARN_DOCUMENTATION_COMMENTS = YES;
				CLANG_WARN_EMPTY_BODY = YES;
				CLANG_WARN_ENUM_CONVERSION = YES;
				CLANG_WARN_INFINITE_RECURSION = YES;
				CLANG_WARN_INT_CONVERSION = YES;
				CLANG_WARN_NON_LITERAL_NULL_CONVERSION = YES;
				CLANG_WARN_OBJC_IMPLICIT_RETAIN_SELF = YES;
				CLANG_WARN_OBJC_LITERAL_CONVERSION = YES;
				CLANG_WARN_OBJC_ROOT_CLASS = YES_ERROR;
				CLANG_WARN_RANGE_LOOP_ANALYSIS = YES;
				CLANG_WARN_STRICT_PROTOTYPES = YES;
				CLANG_WARN_SUSPICIOUS_MOVE = YES;
				CLANG_WARN_UNGUARDED_AVAILABILITY = YES_AGGRESSIVE;
				CLANG_WARN_UNREACHABLE_CODE = YES;
				CLANG_WARN__DUPLICATE_METHOD_MATCH = YES;
				CODE_SIGN_IDENTITY = "iPhone Developer";
				COPY_PHASE_STRIP = NO;
				DEBUG_INFORMATION_FORMAT = "dwarf-with-dsym";
				ENABLE_NS_ASSERTIONS = NO;
				ENABLE_STRICT_OBJC_MSGSEND = YES;
				GCC_C_LANGUAGE_STANDARD = gnu11;
				GCC_NO_COMMON_BLOCKS = YES;
				GCC_WARN_64_TO_32_BIT_CONVERSION = YES;
				GCC_WARN_ABOUT_RETURN_TYPE = YES_ERROR;
				GCC_WARN_UNDECLARED_SELECTOR = YES;
				GCC_WARN_UNINITIALIZED_AUTOS = YES_AGGRESSIVE;
				GCC_WARN_UNUSED_FUNCTION = YES;
				GCC_WARN_UNUSED_VARIABLE = YES;
				IPHONEOS_DEPLOYMENT_TARGET = 11.4;
				MTL_ENABLE_DEBUG_INFO = NO;
				SDKROOT = iphoneos;
				SWIFT_COMPILATION_MODE = wholemodule;
				SWIFT_OPTIMIZATION_LEVEL = "-O";
				VALIDATE_PRODUCT = YES;
			};
			name = Release;
		};
		6CC6A6F920D2454000D1C042 /* Debug */ = {
			isa = XCBuildConfiguration;
			buildSettings = {
				ASSETCATALOG_COMPILER_APPICON_NAME = AppIcon;
				CODE_SIGN_STYLE = Automatic;
				DEVELOPMENT_TEAM = 3NFVM7S86S;
				INFOPLIST_FILE = YQChainTaskDEMO/Info.plist;
				LD_RUNPATH_SEARCH_PATHS = (
					"$(inherited)",
					"@executable_path/Frameworks",
				);
				PRODUCT_BUNDLE_IDENTIFIER = com.freakyyang.YQChainTaskDEMO;
				PRODUCT_NAME = "$(TARGET_NAME)";
				SWIFT_VERSION = 4.0;
				TARGETED_DEVICE_FAMILY = "1,2";
			};
			name = Debug;
		};
		6CC6A6FA20D2454000D1C042 /* Release */ = {
			isa = XCBuildConfiguration;
			buildSettings = {
				ASSETCATALOG_COMPILER_APPICON_NAME = AppIcon;
				CODE_SIGN_STYLE = Automatic;
				DEVELOPMENT_TEAM = 3NFVM7S86S;
				INFOPLIST_FILE = YQChainTaskDEMO/Info.plist;
				LD_RUNPATH_SEARCH_PATHS = (
					"$(inherited)",
					"@executable_path/Frameworks",
				);
				PRODUCT_BUNDLE_IDENTIFIER = com.freakyyang.YQChainTaskDEMO;
				PRODUCT_NAME = "$(TARGET_NAME)";
				SWIFT_VERSION = 4.0;
				TARGETED_DEVICE_FAMILY = "1,2";
			};
			name = Release;
		};
/* End XCBuildConfiguration section */

/* Begin XCConfigurationList section */
		6CC6A6E120D2453E00D1C042 /* Build configuration list for PBXProject "YQChainTaskDEMO" */ = {
			isa = XCConfigurationList;
			buildConfigurations = (
				6CC6A6F620D2454000D1C042 /* Debug */,
				6CC6A6F720D2454000D1C042 /* Release */,
			);
			defaultConfigurationIsVisible = 0;
			defaultConfigurationName = Release;
		};
		6CC6A6F820D2454000D1C042 /* Build configuration list for PBXNativeTarget "YQChainTaskDEMO" */ = {
			isa = XCConfigurationList;
			buildConfigurations = (
				6CC6A6F920D2454000D1C042 /* Debug */,
				6CC6A6FA20D2454000D1C042 /* Release */,
			);
			defaultConfigurationIsVisible = 0;
			defaultConfigurationName = Release;
		};
/* End XCConfigurationList section */
	};
	rootObject = 6CC6A6DE20D2453E00D1C042 /* Project object */;
}
